// !$*UTF8*$!
{
	archiveVersion = 1;
	classes = {
	};
	objectVersion = 56;
	objects = {

/* Begin PBXBuildFile section */
		1CFF42DC2A7FE86700F24FFD /* EuroAlarm.wav in Resources */ = {isa = PBXBuildFile; fileRef = 1CFF42D72A7FE86600F24FFD /* EuroAlarm.wav */; };
		1CFF42DD2A7FE86700F24FFD /* FireAlarm.wav in Resources */ = {isa = PBXBuildFile; fileRef = 1CFF42D82A7FE86600F24FFD /* FireAlarm.wav */; };
		1CFF42DF2A7FE86700F24FFD /* AlarmMashup.wav in Resources */ = {isa = PBXBuildFile; fileRef = 1CFF42DA2A7FE86700F24FFD /* AlarmMashup.wav */; };
		1CFF42E02A7FE86700F24FFD /* ElectronicAlarm.wav in Resources */ = {isa = PBXBuildFile; fileRef = 1CFF42DB2A7FE86700F24FFD /* ElectronicAlarm.wav */; };
		1CFF42E22A7FE8E100F24FFD /* SpaceMachine.wav in Resources */ = {isa = PBXBuildFile; fileRef = 1CFF42E12A7FE8E100F24FFD /* SpaceMachine.wav */; };
		1CFF42E42A7FE8FD00F24FFD /* FuturisticAlarm.wav in Resources */ = {isa = PBXBuildFile; fileRef = 1CFF42E32A7FE8FD00F24FFD /* FuturisticAlarm.wav */; };
		1CFF42E62A7FE92500F24FFD /* MilitaryAlarm.wav in Resources */ = {isa = PBXBuildFile; fileRef = 1CFF42E52A7FE92500F24FFD /* MilitaryAlarm.wav */; };
		1CFF42E82A7FE93300F24FFD /* AlienAlarm.wav in Resources */ = {isa = PBXBuildFile; fileRef = 1CFF42E72A7FE93300F24FFD /* AlienAlarm.wav */; };
		1CFF42EA2A7FE94400F24FFD /* AlarmClockBell.wav in Resources */ = {isa = PBXBuildFile; fileRef = 1CFF42E92A7FE94400F24FFD /* AlarmClockBell.wav */; };
		1CFF42EC2A7FEA6C00F24FFD /* MarchingAlarm.wav in Resources */ = {isa = PBXBuildFile; fileRef = 1CFF42EB2A7FEA6C00F24FFD /* MarchingAlarm.wav */; };
		1CFF42EE2A7FEA9300F24FFD /* DrumAlarm.wav in Resources */ = {isa = PBXBuildFile; fileRef = 1CFF42ED2A7FEA9300F24FFD /* DrumAlarm.wav */; };
		1CFF42F02A7FEAA700F24FFD /* TrumpetAlarm.wav in Resources */ = {isa = PBXBuildFile; fileRef = 1CFF42EF2A7FEAA700F24FFD /* TrumpetAlarm.wav */; };
		1CFF42F22A7FEAD700F24FFD /* MilitaryTrumpetReveille.wav in Resources */ = {isa = PBXBuildFile; fileRef = 1CFF42F12A7FEAD700F24FFD /* MilitaryTrumpetReveille.wav */; };
		1CFF42F42A7FEAF900F24FFD /* FerryHorn.wav in Resources */ = {isa = PBXBuildFile; fileRef = 1CFF42F32A7FEAF900F24FFD /* FerryHorn.wav */; };
		1CFF42F62A7FEDFD00F24FFD /* CarAlarm.wav in Resources */ = {isa = PBXBuildFile; fileRef = 1CFF42F52A7FEDFD00F24FFD /* CarAlarm.wav */; };
		1CFF42F82A7FFA6900F24FFD /* Desktop in Resources */ = {isa = PBXBuildFile; fileRef = 1CFF42F72A7FFA6800F24FFD /* Desktop */; };
		1CFF42FA2A7FFAF300F24FFD /* OnboardingPageView.swift in Sources */ = {isa = PBXBuildFile; fileRef = 1CFF42F92A7FFAF300F24FFD /* OnboardingPageView.swift */; };
		CF4556462A7DBBE400D957B7 /* Launch Screen.storyboard in Resources */ = {isa = PBXBuildFile; fileRef = CF4556452A7DBBE400D957B7 /* Launch Screen.storyboard */; };
		CF54793E2A756E9E00B529F0 /* SelectDateView.swift in Sources */ = {isa = PBXBuildFile; fileRef = CF54793D2A756E9E00B529F0 /* SelectDateView.swift */; };
		CF5479402A76758E00B529F0 /* DeleteButtonView.swift in Sources */ = {isa = PBXBuildFile; fileRef = CF54793F2A76758E00B529F0 /* DeleteButtonView.swift */; };
		CF5F98062A73C4DC006BAECA /* NoSnoozeApp.swift in Sources */ = {isa = PBXBuildFile; fileRef = CF5F98052A73C4DC006BAECA /* NoSnoozeApp.swift */; };
		CF5F98082A73C4DC006BAECA /* ContentView.swift in Sources */ = {isa = PBXBuildFile; fileRef = CF5F98072A73C4DC006BAECA /* ContentView.swift */; };
		CF5F980A2A73C4DC006BAECA /* Assets.xcassets in Resources */ = {isa = PBXBuildFile; fileRef = CF5F98092A73C4DC006BAECA /* Assets.xcassets */; };
		CF5F980D2A73C4DC006BAECA /* Preview Assets.xcassets in Resources */ = {isa = PBXBuildFile; fileRef = CF5F980C2A73C4DC006BAECA /* Preview Assets.xcassets */; };
		CF5F98172A73C4DD006BAECA /* NoSnoozeTests.swift in Sources */ = {isa = PBXBuildFile; fileRef = CF5F98162A73C4DD006BAECA /* NoSnoozeTests.swift */; };
		CF5F98212A73C4DD006BAECA /* NoSnoozeUITests.swift in Sources */ = {isa = PBXBuildFile; fileRef = CF5F98202A73C4DD006BAECA /* NoSnoozeUITests.swift */; };
		CF5F98232A73C4DD006BAECA /* NoSnoozeUITestsLaunchTests.swift in Sources */ = {isa = PBXBuildFile; fileRef = CF5F98222A73C4DD006BAECA /* NoSnoozeUITestsLaunchTests.swift */; };
		CF5F98312A73CC6D006BAECA /* Alarm.swift in Sources */ = {isa = PBXBuildFile; fileRef = CF5F98302A73CC6D006BAECA /* Alarm.swift */; };
		CF5F98332A73CC78006BAECA /* Sound.swift in Sources */ = {isa = PBXBuildFile; fileRef = CF5F98322A73CC78006BAECA /* Sound.swift */; };
		CF5F98392A73D088006BAECA /* AlarmViewModel.swift in Sources */ = {isa = PBXBuildFile; fileRef = CF5F98382A73D088006BAECA /* AlarmViewModel.swift */; };
		CF5F983B2A73D0A8006BAECA /* SoundViewModel.swift in Sources */ = {isa = PBXBuildFile; fileRef = CF5F983A2A73D0A8006BAECA /* SoundViewModel.swift */; };
		CF5F983D2A73D0D8006BAECA /* Date+Extension.swift in Sources */ = {isa = PBXBuildFile; fileRef = CF5F983C2A73D0D8006BAECA /* Date+Extension.swift */; };
		CF5F983F2A73D0FB006BAECA /* Color+Extension.swift in Sources */ = {isa = PBXBuildFile; fileRef = CF5F983E2A73D0FB006BAECA /* Color+Extension.swift */; };
		CF5F98412A73D174006BAECA /* AlarmManager.swift in Sources */ = {isa = PBXBuildFile; fileRef = CF5F98402A73D174006BAECA /* AlarmManager.swift */; };
		CF5F98432A73D187006BAECA /* SoundManager.swift in Sources */ = {isa = PBXBuildFile; fileRef = CF5F98422A73D187006BAECA /* SoundManager.swift */; };
		CF5F984A2A73D283006BAECA /* HelpSupportView.swift in Sources */ = {isa = PBXBuildFile; fileRef = CF5F98492A73D283006BAECA /* HelpSupportView.swift */; };
		CF5F984C2A73D29F006BAECA /* AlarmActiveView.swift in Sources */ = {isa = PBXBuildFile; fileRef = CF5F984B2A73D29F006BAECA /* AlarmActiveView.swift */; };
		CF5F984E2A73D2BF006BAECA /* SetAlarmView.swift in Sources */ = {isa = PBXBuildFile; fileRef = CF5F984D2A73D2BF006BAECA /* SetAlarmView.swift */; };
		CF5F98502A73D2D4006BAECA /* TimerView.swift in Sources */ = {isa = PBXBuildFile; fileRef = CF5F984F2A73D2D4006BAECA /* TimerView.swift */; };
		CF5F98522A73D2E6006BAECA /* HomeView.swift in Sources */ = {isa = PBXBuildFile; fileRef = CF5F98512A73D2E6006BAECA /* HomeView.swift */; };
		CF5F98562A73D310006BAECA /* OnboardingView.swift in Sources */ = {isa = PBXBuildFile; fileRef = CF5F98552A73D310006BAECA /* OnboardingView.swift */; };
		CF5F98592A73E046006BAECA /* AlarmStateViews.swift in Sources */ = {isa = PBXBuildFile; fileRef = CF5F98582A73E046006BAECA /* AlarmStateViews.swift */; };
		CF5F985B2A76A88E006BAECA /* TempData.swift in Sources */ = {isa = PBXBuildFile; fileRef = CF5F985A2A76A88E006BAECA /* TempData.swift */; };
		CF5F985F2A76CE9B006BAECA /* GameWaveAlarm.wav in Resources */ = {isa = PBXBuildFile; fileRef = CF5F985C2A76CE9B006BAECA /* GameWaveAlarm.wav */; };
		CF5F98602A76CE9B006BAECA /* ClassicAlarm.wav in Resources */ = {isa = PBXBuildFile; fileRef = CF5F985D2A76CE9B006BAECA /* ClassicAlarm.wav */; };
		CF5F98612A76CE9B006BAECA /* RetroGame.wav in Resources */ = {isa = PBXBuildFile; fileRef = CF5F985E2A76CE9B006BAECA /* RetroGame.wav */; };
		CF5F98632A76D4F3006BAECA /* NotificationManager.swift in Sources */ = {isa = PBXBuildFile; fileRef = CF5F98622A76D4F3006BAECA /* NotificationManager.swift */; };
		CF5F98652A76E94E006BAECA /* SoundPickerView.swift in Sources */ = {isa = PBXBuildFile; fileRef = CF5F98642A76E94E006BAECA /* SoundPickerView.swift */; };
		CF5F98672A76FDB7006BAECA /* SelectOptionsView.swift in Sources */ = {isa = PBXBuildFile; fileRef = CF5F98662A76FDB7006BAECA /* SelectOptionsView.swift */; };
		CFB7C5272A7DB07D0050F6AA /* LaunchScreenView.swift in Sources */ = {isa = PBXBuildFile; fileRef = CFB7C5262A7DB07D0050F6AA /* LaunchScreenView.swift */; };
/* End PBXBuildFile section */

/* Begin PBXContainerItemProxy section */
		CF5F98132A73C4DD006BAECA /* PBXContainerItemProxy */ = {
			isa = PBXContainerItemProxy;
			containerPortal = CF5F97FA2A73C4DC006BAECA /* Project object */;
			proxyType = 1;
			remoteGlobalIDString = CF5F98012A73C4DC006BAECA;
			remoteInfo = NoSnooze;
		};
		CF5F981D2A73C4DD006BAECA /* PBXContainerItemProxy */ = {
			isa = PBXContainerItemProxy;
			containerPortal = CF5F97FA2A73C4DC006BAECA /* Project object */;
			proxyType = 1;
			remoteGlobalIDString = CF5F98012A73C4DC006BAECA;
			remoteInfo = NoSnooze;
		};
/* End PBXContainerItemProxy section */

/* Begin PBXFileReference section */
		1CFF42D72A7FE86600F24FFD /* EuroAlarm.wav */ = {isa = PBXFileReference; lastKnownFileType = audio.wav; path = EuroAlarm.wav; sourceTree = "<group>"; };
		1CFF42D82A7FE86600F24FFD /* FireAlarm.wav */ = {isa = PBXFileReference; lastKnownFileType = audio.wav; path = FireAlarm.wav; sourceTree = "<group>"; };
		1CFF42DA2A7FE86700F24FFD /* AlarmMashup.wav */ = {isa = PBXFileReference; lastKnownFileType = audio.wav; path = AlarmMashup.wav; sourceTree = "<group>"; };
		1CFF42DB2A7FE86700F24FFD /* ElectronicAlarm.wav */ = {isa = PBXFileReference; lastKnownFileType = audio.wav; path = ElectronicAlarm.wav; sourceTree = "<group>"; };
		1CFF42E12A7FE8E100F24FFD /* SpaceMachine.wav */ = {isa = PBXFileReference; lastKnownFileType = audio.wav; path = SpaceMachine.wav; sourceTree = "<group>"; };
		1CFF42E32A7FE8FD00F24FFD /* FuturisticAlarm.wav */ = {isa = PBXFileReference; lastKnownFileType = audio.wav; path = FuturisticAlarm.wav; sourceTree = "<group>"; };
		1CFF42E52A7FE92500F24FFD /* MilitaryAlarm.wav */ = {isa = PBXFileReference; lastKnownFileType = audio.wav; path = MilitaryAlarm.wav; sourceTree = "<group>"; };
		1CFF42E72A7FE93300F24FFD /* AlienAlarm.wav */ = {isa = PBXFileReference; lastKnownFileType = audio.wav; path = AlienAlarm.wav; sourceTree = "<group>"; };
		1CFF42E92A7FE94400F24FFD /* AlarmClockBell.wav */ = {isa = PBXFileReference; lastKnownFileType = audio.wav; path = AlarmClockBell.wav; sourceTree = "<group>"; };
		1CFF42EB2A7FEA6C00F24FFD /* MarchingAlarm.wav */ = {isa = PBXFileReference; lastKnownFileType = audio.wav; path = MarchingAlarm.wav; sourceTree = "<group>"; };
		1CFF42ED2A7FEA9300F24FFD /* DrumAlarm.wav */ = {isa = PBXFileReference; lastKnownFileType = audio.wav; path = DrumAlarm.wav; sourceTree = "<group>"; };
		1CFF42EF2A7FEAA700F24FFD /* TrumpetAlarm.wav */ = {isa = PBXFileReference; lastKnownFileType = audio.wav; path = TrumpetAlarm.wav; sourceTree = "<group>"; };
		1CFF42F12A7FEAD700F24FFD /* MilitaryTrumpetReveille.wav */ = {isa = PBXFileReference; lastKnownFileType = audio.wav; path = MilitaryTrumpetReveille.wav; sourceTree = "<group>"; };
		1CFF42F32A7FEAF900F24FFD /* FerryHorn.wav */ = {isa = PBXFileReference; lastKnownFileType = audio.wav; path = FerryHorn.wav; sourceTree = "<group>"; };
		1CFF42F52A7FEDFD00F24FFD /* CarAlarm.wav */ = {isa = PBXFileReference; lastKnownFileType = audio.wav; path = CarAlarm.wav; sourceTree = "<group>"; };
		1CFF42F72A7FFA6800F24FFD /* Desktop */ = {isa = PBXFileReference; lastKnownFileType = folder; name = Desktop; path = ../../../Desktop; sourceTree = "<group>"; };
		1CFF42F92A7FFAF300F24FFD /* OnboardingPageView.swift */ = {isa = PBXFileReference; fileEncoding = 4; lastKnownFileType = sourcecode.swift; path = OnboardingPageView.swift; sourceTree = "<group>"; };
		CF4556452A7DBBE400D957B7 /* Launch Screen.storyboard */ = {isa = PBXFileReference; lastKnownFileType = file.storyboard; path = "Launch Screen.storyboard"; sourceTree = "<group>"; };
		CF54793D2A756E9E00B529F0 /* SelectDateView.swift */ = {isa = PBXFileReference; lastKnownFileType = sourcecode.swift; path = SelectDateView.swift; sourceTree = "<group>"; };
		CF54793F2A76758E00B529F0 /* DeleteButtonView.swift */ = {isa = PBXFileReference; lastKnownFileType = sourcecode.swift; path = DeleteButtonView.swift; sourceTree = "<group>"; };
		CF54F2942A7DBA4000B5D6D2 /* Info.plist */ = {isa = PBXFileReference; lastKnownFileType = text.plist; path = Info.plist; sourceTree = "<group>"; };
		CF5F98022A73C4DC006BAECA /* NoSnooze.app */ = {isa = PBXFileReference; explicitFileType = wrapper.application; includeInIndex = 0; path = NoSnooze.app; sourceTree = BUILT_PRODUCTS_DIR; };
		CF5F98052A73C4DC006BAECA /* NoSnoozeApp.swift */ = {isa = PBXFileReference; lastKnownFileType = sourcecode.swift; path = NoSnoozeApp.swift; sourceTree = "<group>"; };
		CF5F98072A73C4DC006BAECA /* ContentView.swift */ = {isa = PBXFileReference; lastKnownFileType = sourcecode.swift; path = ContentView.swift; sourceTree = "<group>"; };
		CF5F98092A73C4DC006BAECA /* Assets.xcassets */ = {isa = PBXFileReference; lastKnownFileType = folder.assetcatalog; path = Assets.xcassets; sourceTree = "<group>"; };
		CF5F980C2A73C4DC006BAECA /* Preview Assets.xcassets */ = {isa = PBXFileReference; lastKnownFileType = folder.assetcatalog; path = "Preview Assets.xcassets"; sourceTree = "<group>"; };
		CF5F98122A73C4DD006BAECA /* NoSnoozeTests.xctest */ = {isa = PBXFileReference; explicitFileType = wrapper.cfbundle; includeInIndex = 0; path = NoSnoozeTests.xctest; sourceTree = BUILT_PRODUCTS_DIR; };
		CF5F98162A73C4DD006BAECA /* NoSnoozeTests.swift */ = {isa = PBXFileReference; lastKnownFileType = sourcecode.swift; path = NoSnoozeTests.swift; sourceTree = "<group>"; };
		CF5F981C2A73C4DD006BAECA /* NoSnoozeUITests.xctest */ = {isa = PBXFileReference; explicitFileType = wrapper.cfbundle; includeInIndex = 0; path = NoSnoozeUITests.xctest; sourceTree = BUILT_PRODUCTS_DIR; };
		CF5F98202A73C4DD006BAECA /* NoSnoozeUITests.swift */ = {isa = PBXFileReference; lastKnownFileType = sourcecode.swift; path = NoSnoozeUITests.swift; sourceTree = "<group>"; };
		CF5F98222A73C4DD006BAECA /* NoSnoozeUITestsLaunchTests.swift */ = {isa = PBXFileReference; lastKnownFileType = sourcecode.swift; path = NoSnoozeUITestsLaunchTests.swift; sourceTree = "<group>"; };
		CF5F98302A73CC6D006BAECA /* Alarm.swift */ = {isa = PBXFileReference; lastKnownFileType = sourcecode.swift; path = Alarm.swift; sourceTree = "<group>"; };
		CF5F98322A73CC78006BAECA /* Sound.swift */ = {isa = PBXFileReference; lastKnownFileType = sourcecode.swift; path = Sound.swift; sourceTree = "<group>"; };
		CF5F98382A73D088006BAECA /* AlarmViewModel.swift */ = {isa = PBXFileReference; lastKnownFileType = sourcecode.swift; path = AlarmViewModel.swift; sourceTree = "<group>"; };
		CF5F983A2A73D0A8006BAECA /* SoundViewModel.swift */ = {isa = PBXFileReference; lastKnownFileType = sourcecode.swift; path = SoundViewModel.swift; sourceTree = "<group>"; };
		CF5F983C2A73D0D8006BAECA /* Date+Extension.swift */ = {isa = PBXFileReference; lastKnownFileType = sourcecode.swift; path = "Date+Extension.swift"; sourceTree = "<group>"; };
		CF5F983E2A73D0FB006BAECA /* Color+Extension.swift */ = {isa = PBXFileReference; lastKnownFileType = sourcecode.swift; path = "Color+Extension.swift"; sourceTree = "<group>"; };
		CF5F98402A73D174006BAECA /* AlarmManager.swift */ = {isa = PBXFileReference; lastKnownFileType = sourcecode.swift; path = AlarmManager.swift; sourceTree = "<group>"; };
		CF5F98422A73D187006BAECA /* SoundManager.swift */ = {isa = PBXFileReference; lastKnownFileType = sourcecode.swift; path = SoundManager.swift; sourceTree = "<group>"; };
		CF5F98492A73D283006BAECA /* HelpSupportView.swift */ = {isa = PBXFileReference; lastKnownFileType = sourcecode.swift; path = HelpSupportView.swift; sourceTree = "<group>"; };
		CF5F984B2A73D29F006BAECA /* AlarmActiveView.swift */ = {isa = PBXFileReference; lastKnownFileType = sourcecode.swift; path = AlarmActiveView.swift; sourceTree = "<group>"; };
		CF5F984D2A73D2BF006BAECA /* SetAlarmView.swift */ = {isa = PBXFileReference; lastKnownFileType = sourcecode.swift; path = SetAlarmView.swift; sourceTree = "<group>"; };
		CF5F984F2A73D2D4006BAECA /* TimerView.swift */ = {isa = PBXFileReference; lastKnownFileType = sourcecode.swift; path = TimerView.swift; sourceTree = "<group>"; };
		CF5F98512A73D2E6006BAECA /* HomeView.swift */ = {isa = PBXFileReference; lastKnownFileType = sourcecode.swift; path = HomeView.swift; sourceTree = "<group>"; };
		CF5F98552A73D310006BAECA /* OnboardingView.swift */ = {isa = PBXFileReference; lastKnownFileType = sourcecode.swift; path = OnboardingView.swift; sourceTree = "<group>"; };
		CF5F98582A73E046006BAECA /* AlarmStateViews.swift */ = {isa = PBXFileReference; lastKnownFileType = sourcecode.swift; path = AlarmStateViews.swift; sourceTree = "<group>"; };
		CF5F985A2A76A88E006BAECA /* TempData.swift */ = {isa = PBXFileReference; lastKnownFileType = sourcecode.swift; path = TempData.swift; sourceTree = "<group>"; };
		CF5F985C2A76CE9B006BAECA /* GameWaveAlarm.wav */ = {isa = PBXFileReference; lastKnownFileType = audio.wav; path = GameWaveAlarm.wav; sourceTree = "<group>"; };
		CF5F985D2A76CE9B006BAECA /* ClassicAlarm.wav */ = {isa = PBXFileReference; lastKnownFileType = audio.wav; path = ClassicAlarm.wav; sourceTree = "<group>"; };
		CF5F985E2A76CE9B006BAECA /* RetroGame.wav */ = {isa = PBXFileReference; lastKnownFileType = audio.wav; path = RetroGame.wav; sourceTree = "<group>"; };
		CF5F98622A76D4F3006BAECA /* NotificationManager.swift */ = {isa = PBXFileReference; lastKnownFileType = sourcecode.swift; path = NotificationManager.swift; sourceTree = "<group>"; };
		CF5F98642A76E94E006BAECA /* SoundPickerView.swift */ = {isa = PBXFileReference; lastKnownFileType = sourcecode.swift; path = SoundPickerView.swift; sourceTree = "<group>"; };
		CF5F98662A76FDB7006BAECA /* SelectOptionsView.swift */ = {isa = PBXFileReference; lastKnownFileType = sourcecode.swift; path = SelectOptionsView.swift; sourceTree = "<group>"; };
		CFB7C5262A7DB07D0050F6AA /* LaunchScreenView.swift */ = {isa = PBXFileReference; lastKnownFileType = sourcecode.swift; path = LaunchScreenView.swift; sourceTree = "<group>"; };
/* End PBXFileReference section */

/* Begin PBXFrameworksBuildPhase section */
		CF5F97FF2A73C4DC006BAECA /* Frameworks */ = {
			isa = PBXFrameworksBuildPhase;
			buildActionMask = 2147483647;
			files = (
			);
			runOnlyForDeploymentPostprocessing = 0;
		};
		CF5F980F2A73C4DD006BAECA /* Frameworks */ = {
			isa = PBXFrameworksBuildPhase;
			buildActionMask = 2147483647;
			files = (
			);
			runOnlyForDeploymentPostprocessing = 0;
		};
		CF5F98192A73C4DD006BAECA /* Frameworks */ = {
			isa = PBXFrameworksBuildPhase;
			buildActionMask = 2147483647;
			files = (
			);
			runOnlyForDeploymentPostprocessing = 0;
		};
/* End PBXFrameworksBuildPhase section */

/* Begin PBXGroup section */
		CF5F97F92A73C4DC006BAECA = {
			isa = PBXGroup;
			children = (
				1CFF42F72A7FFA6800F24FFD /* Desktop */,
				CF5F98042A73C4DC006BAECA /* NoSnooze */,
				CF5F98152A73C4DD006BAECA /* NoSnoozeTests */,
				CF5F981F2A73C4DD006BAECA /* NoSnoozeUITests */,
				CF5F98032A73C4DC006BAECA /* Products */,
			);
			sourceTree = "<group>";
		};
		CF5F98032A73C4DC006BAECA /* Products */ = {
			isa = PBXGroup;
			children = (
				CF5F98022A73C4DC006BAECA /* NoSnooze.app */,
				CF5F98122A73C4DD006BAECA /* NoSnoozeTests.xctest */,
				CF5F981C2A73C4DD006BAECA /* NoSnoozeUITests.xctest */,
			);
			name = Products;
			sourceTree = "<group>";
		};
		CF5F98042A73C4DC006BAECA /* NoSnooze */ = {
			isa = PBXGroup;
			children = (
				CF54F2942A7DBA4000B5D6D2 /* Info.plist */,
				CF5F98052A73C4DC006BAECA /* NoSnoozeApp.swift */,
				CF5F98072A73C4DC006BAECA /* ContentView.swift */,
				CF5F982F2A73CC5B006BAECA /* Models */,
				CF5F98342A73CC83006BAECA /* Views */,
				CF5F98372A73CCD4006BAECA /* ViewModels */,
				CF5F98362A73CCC9006BAECA /* Extensions */,
				CF5F98352A73CCB4006BAECA /* Utilities */,
				CF5F98092A73C4DC006BAECA /* Assets.xcassets */,
				1CFF42F52A7FEDFD00F24FFD /* CarAlarm.wav */,
				1CFF42DA2A7FE86700F24FFD /* AlarmMashup.wav */,
				1CFF42E12A7FE8E100F24FFD /* SpaceMachine.wav */,
				1CFF42EB2A7FEA6C00F24FFD /* MarchingAlarm.wav */,
				1CFF42EF2A7FEAA700F24FFD /* TrumpetAlarm.wav */,
				1CFF42F32A7FEAF900F24FFD /* FerryHorn.wav */,
				1CFF42F12A7FEAD700F24FFD /* MilitaryTrumpetReveille.wav */,
				1CFF42ED2A7FEA9300F24FFD /* DrumAlarm.wav */,
				1CFF42E92A7FE94400F24FFD /* AlarmClockBell.wav */,
				1CFF42E72A7FE93300F24FFD /* AlienAlarm.wav */,
				1CFF42E52A7FE92500F24FFD /* MilitaryAlarm.wav */,
				1CFF42E32A7FE8FD00F24FFD /* FuturisticAlarm.wav */,
				1CFF42D72A7FE86600F24FFD /* EuroAlarm.wav */,
				1CFF42D82A7FE86600F24FFD /* FireAlarm.wav */,
				1CFF42DB2A7FE86700F24FFD /* ElectronicAlarm.wav */,
				CF5F985D2A76CE9B006BAECA /* ClassicAlarm.wav */,
				CF5F985C2A76CE9B006BAECA /* GameWaveAlarm.wav */,
				CF5F985E2A76CE9B006BAECA /* RetroGame.wav */,
				CF5F980B2A73C4DC006BAECA /* Preview Content */,
				CF4556452A7DBBE400D957B7 /* Launch Screen.storyboard */,
			);
			path = NoSnooze;
			sourceTree = "<group>";
		};
		CF5F980B2A73C4DC006BAECA /* Preview Content */ = {
			isa = PBXGroup;
			children = (
				CF5F980C2A73C4DC006BAECA /* Preview Assets.xcassets */,
			);
			path = "Preview Content";
			sourceTree = "<group>";
		};
		CF5F98152A73C4DD006BAECA /* NoSnoozeTests */ = {
			isa = PBXGroup;
			children = (
				CF5F98162A73C4DD006BAECA /* NoSnoozeTests.swift */,
			);
			path = NoSnoozeTests;
			sourceTree = "<group>";
		};
		CF5F981F2A73C4DD006BAECA /* NoSnoozeUITests */ = {
			isa = PBXGroup;
			children = (
				CF5F98202A73C4DD006BAECA /* NoSnoozeUITests.swift */,
				CF5F98222A73C4DD006BAECA /* NoSnoozeUITestsLaunchTests.swift */,
			);
			path = NoSnoozeUITests;
			sourceTree = "<group>";
		};
		CF5F982F2A73CC5B006BAECA /* Models */ = {
			isa = PBXGroup;
			children = (
				CF5F98302A73CC6D006BAECA /* Alarm.swift */,
				CF5F98322A73CC78006BAECA /* Sound.swift */,
				CF5F985A2A76A88E006BAECA /* TempData.swift */,
			);
			path = Models;
			sourceTree = "<group>";
		};
		CF5F98342A73CC83006BAECA /* Views */ = {
			isa = PBXGroup;
			children = (
				CFB7C5252A7DB04B0050F6AA /* LaunchScreen */,
				CF5F98442A73D222006BAECA /* Onboarding */,
				CF5F98452A73D249006BAECA /* Home */,
				CF5F98572A73D5BE006BAECA /* SetAlarm */,
				CF5F98472A73D260006BAECA /* AlarmActive */,
				CF5F98462A73D254006BAECA /* HelpSupport */,
			);
			path = Views;
			sourceTree = "<group>";
		};
		CF5F98352A73CCB4006BAECA /* Utilities */ = {
			isa = PBXGroup;
			children = (
				CF5F98402A73D174006BAECA /* AlarmManager.swift */,
				CF5F98422A73D187006BAECA /* SoundManager.swift */,
				CF5F98622A76D4F3006BAECA /* NotificationManager.swift */,
			);
			path = Utilities;
			sourceTree = "<group>";
		};
		CF5F98362A73CCC9006BAECA /* Extensions */ = {
			isa = PBXGroup;
			children = (
				CF5F983C2A73D0D8006BAECA /* Date+Extension.swift */,
				CF5F983E2A73D0FB006BAECA /* Color+Extension.swift */,
			);
			path = Extensions;
			sourceTree = "<group>";
		};
		CF5F98372A73CCD4006BAECA /* ViewModels */ = {
			isa = PBXGroup;
			children = (
				CF5F98382A73D088006BAECA /* AlarmViewModel.swift */,
				CF5F983A2A73D0A8006BAECA /* SoundViewModel.swift */,
			);
			path = ViewModels;
			sourceTree = "<group>";
		};
		CF5F98442A73D222006BAECA /* Onboarding */ = {
			isa = PBXGroup;
			children = (
				1CFF42F92A7FFAF300F24FFD /* OnboardingPageView.swift */,
				CF5F98552A73D310006BAECA /* OnboardingView.swift */,
			);
			path = Onboarding;
			sourceTree = "<group>";
		};
		CF5F98452A73D249006BAECA /* Home */ = {
			isa = PBXGroup;
			children = (
				CF5F98512A73D2E6006BAECA /* HomeView.swift */,
				CF5F984F2A73D2D4006BAECA /* TimerView.swift */,
				CF5F98582A73E046006BAECA /* AlarmStateViews.swift */,
			);
			path = Home;
			sourceTree = "<group>";
		};
		CF5F98462A73D254006BAECA /* HelpSupport */ = {
			isa = PBXGroup;
			children = (
				CF5F98492A73D283006BAECA /* HelpSupportView.swift */,
			);
			path = HelpSupport;
			sourceTree = "<group>";
		};
		CF5F98472A73D260006BAECA /* AlarmActive */ = {
			isa = PBXGroup;
			children = (
				CF5F984B2A73D29F006BAECA /* AlarmActiveView.swift */,
			);
			path = AlarmActive;
			sourceTree = "<group>";
		};
		CF5F98572A73D5BE006BAECA /* SetAlarm */ = {
			isa = PBXGroup;
			children = (
				CF5F984D2A73D2BF006BAECA /* SetAlarmView.swift */,
				CF54793D2A756E9E00B529F0 /* SelectDateView.swift */,
				CF5F98662A76FDB7006BAECA /* SelectOptionsView.swift */,
				CF54793F2A76758E00B529F0 /* DeleteButtonView.swift */,
				CF5F98642A76E94E006BAECA /* SoundPickerView.swift */,
			);
			path = SetAlarm;
			sourceTree = "<group>";
		};
		CFB7C5252A7DB04B0050F6AA /* LaunchScreen */ = {
			isa = PBXGroup;
			children = (
				CFB7C5262A7DB07D0050F6AA /* LaunchScreenView.swift */,
			);
			path = LaunchScreen;
			sourceTree = "<group>";
		};
/* End PBXGroup section */

/* Begin PBXNativeTarget section */
		CF5F98012A73C4DC006BAECA /* NoSnooze */ = {
			isa = PBXNativeTarget;
			buildConfigurationList = CF5F98262A73C4DD006BAECA /* Build configuration list for PBXNativeTarget "NoSnooze" */;
			buildPhases = (
				CF5F97FE2A73C4DC006BAECA /* Sources */,
				CF5F97FF2A73C4DC006BAECA /* Frameworks */,
				CF5F98002A73C4DC006BAECA /* Resources */,
			);
			buildRules = (
			);
			dependencies = (
			);
			name = NoSnooze;
			productName = NoSnooze;
			productReference = CF5F98022A73C4DC006BAECA /* NoSnooze.app */;
			productType = "com.apple.product-type.application";
		};
		CF5F98112A73C4DD006BAECA /* NoSnoozeTests */ = {
			isa = PBXNativeTarget;
			buildConfigurationList = CF5F98292A73C4DD006BAECA /* Build configuration list for PBXNativeTarget "NoSnoozeTests" */;
			buildPhases = (
				CF5F980E2A73C4DD006BAECA /* Sources */,
				CF5F980F2A73C4DD006BAECA /* Frameworks */,
				CF5F98102A73C4DD006BAECA /* Resources */,
			);
			buildRules = (
			);
			dependencies = (
				CF5F98142A73C4DD006BAECA /* PBXTargetDependency */,
			);
			name = NoSnoozeTests;
			productName = NoSnoozeTests;
			productReference = CF5F98122A73C4DD006BAECA /* NoSnoozeTests.xctest */;
			productType = "com.apple.product-type.bundle.unit-test";
		};
		CF5F981B2A73C4DD006BAECA /* NoSnoozeUITests */ = {
			isa = PBXNativeTarget;
			buildConfigurationList = CF5F982C2A73C4DD006BAECA /* Build configuration list for PBXNativeTarget "NoSnoozeUITests" */;
			buildPhases = (
				CF5F98182A73C4DD006BAECA /* Sources */,
				CF5F98192A73C4DD006BAECA /* Frameworks */,
				CF5F981A2A73C4DD006BAECA /* Resources */,
			);
			buildRules = (
			);
			dependencies = (
				CF5F981E2A73C4DD006BAECA /* PBXTargetDependency */,
			);
			name = NoSnoozeUITests;
			productName = NoSnoozeUITests;
			productReference = CF5F981C2A73C4DD006BAECA /* NoSnoozeUITests.xctest */;
			productType = "com.apple.product-type.bundle.ui-testing";
		};
/* End PBXNativeTarget section */

/* Begin PBXProject section */
		CF5F97FA2A73C4DC006BAECA /* Project object */ = {
			isa = PBXProject;
			attributes = {
				BuildIndependentTargetsInParallel = 1;
				LastSwiftUpdateCheck = 1430;
				LastUpgradeCheck = 1430;
				TargetAttributes = {
					CF5F98012A73C4DC006BAECA = {
						CreatedOnToolsVersion = 14.3.1;
					};
					CF5F98112A73C4DD006BAECA = {
						CreatedOnToolsVersion = 14.3.1;
						TestTargetID = CF5F98012A73C4DC006BAECA;
					};
					CF5F981B2A73C4DD006BAECA = {
						CreatedOnToolsVersion = 14.3.1;
						TestTargetID = CF5F98012A73C4DC006BAECA;
					};
				};
			};
			buildConfigurationList = CF5F97FD2A73C4DC006BAECA /* Build configuration list for PBXProject "NoSnooze" */;
			compatibilityVersion = "Xcode 14.0";
			developmentRegion = en;
			hasScannedForEncodings = 0;
			knownRegions = (
				en,
				Base,
			);
			mainGroup = CF5F97F92A73C4DC006BAECA;
			productRefGroup = CF5F98032A73C4DC006BAECA /* Products */;
			projectDirPath = "";
			projectRoot = "";
			targets = (
				CF5F98012A73C4DC006BAECA /* NoSnooze */,
				CF5F98112A73C4DD006BAECA /* NoSnoozeTests */,
				CF5F981B2A73C4DD006BAECA /* NoSnoozeUITests */,
			);
		};
/* End PBXProject section */

/* Begin PBXResourcesBuildPhase section */
		CF5F98002A73C4DC006BAECA /* Resources */ = {
			isa = PBXResourcesBuildPhase;
			buildActionMask = 2147483647;
			files = (
				1CFF42E02A7FE86700F24FFD /* ElectronicAlarm.wav in Resources */,
				1CFF42E82A7FE93300F24FFD /* AlienAlarm.wav in Resources */,
				1CFF42EC2A7FEA6C00F24FFD /* MarchingAlarm.wav in Resources */,
				CF4556462A7DBBE400D957B7 /* Launch Screen.storyboard in Resources */,
				1CFF42F22A7FEAD700F24FFD /* MilitaryTrumpetReveille.wav in Resources */,
				1CFF42E62A7FE92500F24FFD /* MilitaryAlarm.wav in Resources */,
				1CFF42DD2A7FE86700F24FFD /* FireAlarm.wav in Resources */,
				CF5F980D2A73C4DC006BAECA /* Preview Assets.xcassets in Resources */,
				1CFF42EA2A7FE94400F24FFD /* AlarmClockBell.wav in Resources */,
				1CFF42E22A7FE8E100F24FFD /* SpaceMachine.wav in Resources */,
				1CFF42E42A7FE8FD00F24FFD /* FuturisticAlarm.wav in Resources */,
				1CFF42F62A7FEDFD00F24FFD /* CarAlarm.wav in Resources */,
				CF5F985F2A76CE9B006BAECA /* GameWaveAlarm.wav in Resources */,
				1CFF42F02A7FEAA700F24FFD /* TrumpetAlarm.wav in Resources */,
				1CFF42DF2A7FE86700F24FFD /* AlarmMashup.wav in Resources */,
				1CFF42EE2A7FEA9300F24FFD /* DrumAlarm.wav in Resources */,
				CF5F980A2A73C4DC006BAECA /* Assets.xcassets in Resources */,
				CF5F98602A76CE9B006BAECA /* ClassicAlarm.wav in Resources */,
				1CFF42F42A7FEAF900F24FFD /* FerryHorn.wav in Resources */,
				CF5F98612A76CE9B006BAECA /* RetroGame.wav in Resources */,
				1CFF42DC2A7FE86700F24FFD /* EuroAlarm.wav in Resources */,
				1CFF42F82A7FFA6900F24FFD /* Desktop in Resources */,
			);
			runOnlyForDeploymentPostprocessing = 0;
		};
		CF5F98102A73C4DD006BAECA /* Resources */ = {
			isa = PBXResourcesBuildPhase;
			buildActionMask = 2147483647;
			files = (
			);
			runOnlyForDeploymentPostprocessing = 0;
		};
		CF5F981A2A73C4DD006BAECA /* Resources */ = {
			isa = PBXResourcesBuildPhase;
			buildActionMask = 2147483647;
			files = (
			);
			runOnlyForDeploymentPostprocessing = 0;
		};
/* End PBXResourcesBuildPhase section */

/* Begin PBXSourcesBuildPhase section */
		CF5F97FE2A73C4DC006BAECA /* Sources */ = {
			isa = PBXSourcesBuildPhase;
			buildActionMask = 2147483647;
			files = (
				CF5F984E2A73D2BF006BAECA /* SetAlarmView.swift in Sources */,
				CF5F98672A76FDB7006BAECA /* SelectOptionsView.swift in Sources */,
				CF5F98082A73C4DC006BAECA /* ContentView.swift in Sources */,
				CF5F98652A76E94E006BAECA /* SoundPickerView.swift in Sources */,
				CF5F98062A73C4DC006BAECA /* NoSnoozeApp.swift in Sources */,
				CF5F98592A73E046006BAECA /* AlarmStateViews.swift in Sources */,
				CF5F98522A73D2E6006BAECA /* HomeView.swift in Sources */,
				CFB7C5272A7DB07D0050F6AA /* LaunchScreenView.swift in Sources */,
				CF5F98312A73CC6D006BAECA /* Alarm.swift in Sources */,
				CF5F98332A73CC78006BAECA /* Sound.swift in Sources */,
				CF5F984C2A73D29F006BAECA /* AlarmActiveView.swift in Sources */,
				CF5F983D2A73D0D8006BAECA /* Date+Extension.swift in Sources */,
				CF5F983B2A73D0A8006BAECA /* SoundViewModel.swift in Sources */,
				CF5F98392A73D088006BAECA /* AlarmViewModel.swift in Sources */,
				CF5479402A76758E00B529F0 /* DeleteButtonView.swift in Sources */,
				CF5F983F2A73D0FB006BAECA /* Color+Extension.swift in Sources */,
				CF5F98412A73D174006BAECA /* AlarmManager.swift in Sources */,
				CF5F98432A73D187006BAECA /* SoundManager.swift in Sources */,
				CF5F984A2A73D283006BAECA /* HelpSupportView.swift in Sources */,
				CF5F98562A73D310006BAECA /* OnboardingView.swift in Sources */,
				1CFF42FA2A7FFAF300F24FFD /* OnboardingPageView.swift in Sources */,
				CF54793E2A756E9E00B529F0 /* SelectDateView.swift in Sources */,
				CF5F985B2A76A88E006BAECA /* TempData.swift in Sources */,
				CF5F98502A73D2D4006BAECA /* TimerView.swift in Sources */,
				CF5F98632A76D4F3006BAECA /* NotificationManager.swift in Sources */,
			);
			runOnlyForDeploymentPostprocessing = 0;
		};
		CF5F980E2A73C4DD006BAECA /* Sources */ = {
			isa = PBXSourcesBuildPhase;
			buildActionMask = 2147483647;
			files = (
				CF5F98172A73C4DD006BAECA /* NoSnoozeTests.swift in Sources */,
			);
			runOnlyForDeploymentPostprocessing = 0;
		};
		CF5F98182A73C4DD006BAECA /* Sources */ = {
			isa = PBXSourcesBuildPhase;
			buildActionMask = 2147483647;
			files = (
				CF5F98232A73C4DD006BAECA /* NoSnoozeUITestsLaunchTests.swift in Sources */,
				CF5F98212A73C4DD006BAECA /* NoSnoozeUITests.swift in Sources */,
			);
			runOnlyForDeploymentPostprocessing = 0;
		};
/* End PBXSourcesBuildPhase section */

/* Begin PBXTargetDependency section */
		CF5F98142A73C4DD006BAECA /* PBXTargetDependency */ = {
			isa = PBXTargetDependency;
			target = CF5F98012A73C4DC006BAECA /* NoSnooze */;
			targetProxy = CF5F98132A73C4DD006BAECA /* PBXContainerItemProxy */;
		};
		CF5F981E2A73C4DD006BAECA /* PBXTargetDependency */ = {
			isa = PBXTargetDependency;
			target = CF5F98012A73C4DC006BAECA /* NoSnooze */;
			targetProxy = CF5F981D2A73C4DD006BAECA /* PBXContainerItemProxy */;
		};
/* End PBXTargetDependency section */

/* Begin XCBuildConfiguration section */
		CF5F98242A73C4DD006BAECA /* Debug */ = {
			isa = XCBuildConfiguration;
			buildSettings = {
				ALWAYS_SEARCH_USER_PATHS = NO;
				CLANG_ANALYZER_NONNULL = YES;
				CLANG_ANALYZER_NUMBER_OBJECT_CONVERSION = YES_AGGRESSIVE;
				CLANG_CXX_LANGUAGE_STANDARD = "gnu++20";
				CLANG_ENABLE_MODULES = YES;
				CLANG_ENABLE_OBJC_ARC = YES;
				CLANG_ENABLE_OBJC_WEAK = YES;
				CLANG_WARN_BLOCK_CAPTURE_AUTORELEASING = YES;
				CLANG_WARN_BOOL_CONVERSION = YES;
				CLANG_WARN_COMMA = YES;
				CLANG_WARN_CONSTANT_CONVERSION = YES;
				CLANG_WARN_DEPRECATED_OBJC_IMPLEMENTATIONS = YES;
				CLANG_WARN_DIRECT_OBJC_ISA_USAGE = YES_ERROR;
				CLANG_WARN_DOCUMENTATION_COMMENTS = YES;
				CLANG_WARN_EMPTY_BODY = YES;
				CLANG_WARN_ENUM_CONVERSION = YES;
				CLANG_WARN_INFINITE_RECURSION = YES;
				CLANG_WARN_INT_CONVERSION = YES;
				CLANG_WARN_NON_LITERAL_NULL_CONVERSION = YES;
				CLANG_WARN_OBJC_IMPLICIT_RETAIN_SELF = YES;
				CLANG_WARN_OBJC_LITERAL_CONVERSION = YES;
				CLANG_WARN_OBJC_ROOT_CLASS = YES_ERROR;
				CLANG_WARN_QUOTED_INCLUDE_IN_FRAMEWORK_HEADER = YES;
				CLANG_WARN_RANGE_LOOP_ANALYSIS = YES;
				CLANG_WARN_STRICT_PROTOTYPES = YES;
				CLANG_WARN_SUSPICIOUS_MOVE = YES;
				CLANG_WARN_UNGUARDED_AVAILABILITY = YES_AGGRESSIVE;
				CLANG_WARN_UNREACHABLE_CODE = YES;
				CLANG_WARN__DUPLICATE_METHOD_MATCH = YES;
				COPY_PHASE_STRIP = NO;
				DEBUG_INFORMATION_FORMAT = dwarf;
				ENABLE_STRICT_OBJC_MSGSEND = YES;
				ENABLE_TESTABILITY = YES;
				GCC_C_LANGUAGE_STANDARD = gnu11;
				GCC_DYNAMIC_NO_PIC = NO;
				GCC_NO_COMMON_BLOCKS = YES;
				GCC_OPTIMIZATION_LEVEL = 0;
				GCC_PREPROCESSOR_DEFINITIONS = (
					"DEBUG=1",
					"$(inherited)",
				);
				GCC_WARN_64_TO_32_BIT_CONVERSION = YES;
				GCC_WARN_ABOUT_RETURN_TYPE = YES_ERROR;
				GCC_WARN_UNDECLARED_SELECTOR = YES;
				GCC_WARN_UNINITIALIZED_AUTOS = YES_AGGRESSIVE;
				GCC_WARN_UNUSED_FUNCTION = YES;
				GCC_WARN_UNUSED_VARIABLE = YES;
				IPHONEOS_DEPLOYMENT_TARGET = 16.4;
				MTL_ENABLE_DEBUG_INFO = INCLUDE_SOURCE;
				MTL_FAST_MATH = YES;
				ONLY_ACTIVE_ARCH = YES;
				SDKROOT = iphoneos;
				SWIFT_ACTIVE_COMPILATION_CONDITIONS = DEBUG;
				SWIFT_OPTIMIZATION_LEVEL = "-Onone";
			};
			name = Debug;
		};
		CF5F98252A73C4DD006BAECA /* Release */ = {
			isa = XCBuildConfiguration;
			buildSettings = {
				ALWAYS_SEARCH_USER_PATHS = NO;
				CLANG_ANALYZER_NONNULL = YES;
				CLANG_ANALYZER_NUMBER_OBJECT_CONVERSION = YES_AGGRESSIVE;
				CLANG_CXX_LANGUAGE_STANDARD = "gnu++20";
				CLANG_ENABLE_MODULES = YES;
				CLANG_ENABLE_OBJC_ARC = YES;
				CLANG_ENABLE_OBJC_WEAK = YES;
				CLANG_WARN_BLOCK_CAPTURE_AUTORELEASING = YES;
				CLANG_WARN_BOOL_CONVERSION = YES;
				CLANG_WARN_COMMA = YES;
				CLANG_WARN_CONSTANT_CONVERSION = YES;
				CLANG_WARN_DEPRECATED_OBJC_IMPLEMENTATIONS = YES;
				CLANG_WARN_DIRECT_OBJC_ISA_USAGE = YES_ERROR;
				CLANG_WARN_DOCUMENTATION_COMMENTS = YES;
				CLANG_WARN_EMPTY_BODY = YES;
				CLANG_WARN_ENUM_CONVERSION = YES;
				CLANG_WARN_INFINITE_RECURSION = YES;
				CLANG_WARN_INT_CONVERSION = YES;
				CLANG_WARN_NON_LITERAL_NULL_CONVERSION = YES;
				CLANG_WARN_OBJC_IMPLICIT_RETAIN_SELF = YES;
				CLANG_WARN_OBJC_LITERAL_CONVERSION = YES;
				CLANG_WARN_OBJC_ROOT_CLASS = YES_ERROR;
				CLANG_WARN_QUOTED_INCLUDE_IN_FRAMEWORK_HEADER = YES;
				CLANG_WARN_RANGE_LOOP_ANALYSIS = YES;
				CLANG_WARN_STRICT_PROTOTYPES = YES;
				CLANG_WARN_SUSPICIOUS_MOVE = YES;
				CLANG_WARN_UNGUARDED_AVAILABILITY = YES_AGGRESSIVE;
				CLANG_WARN_UNREACHABLE_CODE = YES;
				CLANG_WARN__DUPLICATE_METHOD_MATCH = YES;
				COPY_PHASE_STRIP = NO;
				DEBUG_INFORMATION_FORMAT = "dwarf-with-dsym";
				ENABLE_NS_ASSERTIONS = NO;
				ENABLE_STRICT_OBJC_MSGSEND = YES;
				GCC_C_LANGUAGE_STANDARD = gnu11;
				GCC_NO_COMMON_BLOCKS = YES;
				GCC_WARN_64_TO_32_BIT_CONVERSION = YES;
				GCC_WARN_ABOUT_RETURN_TYPE = YES_ERROR;
				GCC_WARN_UNDECLARED_SELECTOR = YES;
				GCC_WARN_UNINITIALIZED_AUTOS = YES_AGGRESSIVE;
				GCC_WARN_UNUSED_FUNCTION = YES;
				GCC_WARN_UNUSED_VARIABLE = YES;
				IPHONEOS_DEPLOYMENT_TARGET = 16.4;
				MTL_ENABLE_DEBUG_INFO = NO;
				MTL_FAST_MATH = YES;
				SDKROOT = iphoneos;
				SWIFT_COMPILATION_MODE = wholemodule;
				SWIFT_OPTIMIZATION_LEVEL = "-O";
				VALIDATE_PRODUCT = YES;
			};
			name = Release;
		};
		CF5F98272A73C4DD006BAECA /* Debug */ = {
			isa = XCBuildConfiguration;
			buildSettings = {
				ASSETCATALOG_COMPILER_APPICON_NAME = AppIcon;
				ASSETCATALOG_COMPILER_GLOBAL_ACCENT_COLOR_NAME = AccentColor;
				ASSETCATALOG_COMPILER_INCLUDE_ALL_APPICON_ASSETS = NO;
				CODE_SIGN_STYLE = Automatic;
				CURRENT_PROJECT_VERSION = 1;
				DEVELOPMENT_ASSET_PATHS = "\"NoSnooze/Preview Content\"";
				DEVELOPMENT_TEAM = 2BSD3K249X;
				ENABLE_PREVIEWS = YES;
				GENERATE_INFOPLIST_FILE = YES;
				INFOPLIST_FILE = NoSnooze/Info.plist;
				INFOPLIST_KEY_UIApplicationSceneManifest_Generation = YES;
				INFOPLIST_KEY_UIApplicationSupportsIndirectInputEvents = YES;
				INFOPLIST_KEY_UILaunchStoryboardName = "Launch Screen.storyboard";
				INFOPLIST_KEY_UISupportedInterfaceOrientations_iPad = "UIInterfaceOrientationPortrait UIInterfaceOrientationPortraitUpsideDown UIInterfaceOrientationLandscapeLeft UIInterfaceOrientationLandscapeRight";
				INFOPLIST_KEY_UISupportedInterfaceOrientations_iPhone = "UIInterfaceOrientationPortrait UIInterfaceOrientationLandscapeLeft UIInterfaceOrientationLandscapeRight";
				IPHONEOS_DEPLOYMENT_TARGET = 16.4;
				LD_RUNPATH_SEARCH_PATHS = (
					"$(inherited)",
					"@executable_path/Frameworks",
				);
				MARKETING_VERSION = 1.0;
				PRODUCT_BUNDLE_IDENTIFIER = com.hardworkdiscipline.NoSnooze;
				PRODUCT_NAME = "$(TARGET_NAME)";
				SWIFT_EMIT_LOC_STRINGS = YES;
				SWIFT_VERSION = 5.0;
				TARGETED_DEVICE_FAMILY = "1,2";
			};
			name = Debug;
		};
		CF5F98282A73C4DD006BAECA /* Release */ = {
			isa = XCBuildConfiguration;
			buildSettings = {
				ASSETCATALOG_COMPILER_APPICON_NAME = AppIcon;
				ASSETCATALOG_COMPILER_GLOBAL_ACCENT_COLOR_NAME = AccentColor;
				ASSETCATALOG_COMPILER_INCLUDE_ALL_APPICON_ASSETS = NO;
				CODE_SIGN_STYLE = Automatic;
				CURRENT_PROJECT_VERSION = 1;
				DEVELOPMENT_ASSET_PATHS = "\"NoSnooze/Preview Content\"";
				DEVELOPMENT_TEAM = 2BSD3K249X;
				ENABLE_PREVIEWS = YES;
				GENERATE_INFOPLIST_FILE = YES;
				INFOPLIST_FILE = NoSnooze/Info.plist;
				INFOPLIST_KEY_UIApplicationSceneManifest_Generation = YES;
				INFOPLIST_KEY_UIApplicationSupportsIndirectInputEvents = YES;
				INFOPLIST_KEY_UILaunchStoryboardName = "Launch Screen.storyboard";
				INFOPLIST_KEY_UISupportedInterfaceOrientations_iPad = "UIInterfaceOrientationPortrait UIInterfaceOrientationPortraitUpsideDown UIInterfaceOrientationLandscapeLeft UIInterfaceOrientationLandscapeRight";
				INFOPLIST_KEY_UISupportedInterfaceOrientations_iPhone = "UIInterfaceOrientationPortrait UIInterfaceOrientationLandscapeLeft UIInterfaceOrientationLandscapeRight";
				IPHONEOS_DEPLOYMENT_TARGET = 16.4;
				LD_RUNPATH_SEARCH_PATHS = (
					"$(inherited)",
					"@executable_path/Frameworks",
				);
				MARKETING_VERSION = 1.0;
				PRODUCT_BUNDLE_IDENTIFIER = com.hardworkdiscipline.NoSnooze;
				PRODUCT_NAME = "$(TARGET_NAME)";
				SWIFT_EMIT_LOC_STRINGS = YES;
				SWIFT_VERSION = 5.0;
				TARGETED_DEVICE_FAMILY = "1,2";
			};
			name = Release;
		};
		CF5F982A2A73C4DD006BAECA /* Debug */ = {
			isa = XCBuildConfiguration;
			buildSettings = {
				ALWAYS_EMBED_SWIFT_STANDARD_LIBRARIES = YES;
				BUNDLE_LOADER = "$(TEST_HOST)";
				CODE_SIGN_STYLE = Automatic;
				CURRENT_PROJECT_VERSION = 1;
				DEVELOPMENT_TEAM = 2BSD3K249X;
				GENERATE_INFOPLIST_FILE = YES;
				IPHONEOS_DEPLOYMENT_TARGET = 16.4;
				MARKETING_VERSION = 1.0;
				PRODUCT_BUNDLE_IDENTIFIER = com.hardworkdiscipline.NoSnoozeTests;
				PRODUCT_NAME = "$(TARGET_NAME)";
				SWIFT_EMIT_LOC_STRINGS = NO;
				SWIFT_VERSION = 5.0;
				TARGETED_DEVICE_FAMILY = "1,2";
				TEST_HOST = "$(BUILT_PRODUCTS_DIR)/NoSnooze.app/$(BUNDLE_EXECUTABLE_FOLDER_PATH)/NoSnooze";
			};
			name = Debug;
		};
		CF5F982B2A73C4DD006BAECA /* Release */ = {
			isa = XCBuildConfiguration;
			buildSettings = {
				ALWAYS_EMBED_SWIFT_STANDARD_LIBRARIES = YES;
				BUNDLE_LOADER = "$(TEST_HOST)";
				CODE_SIGN_STYLE = Automatic;
				CURRENT_PROJECT_VERSION = 1;
				DEVELOPMENT_TEAM = 2BSD3K249X;
				GENERATE_INFOPLIST_FILE = YES;
				IPHONEOS_DEPLOYMENT_TARGET = 16.4;
				MARKETING_VERSION = 1.0;
				PRODUCT_BUNDLE_IDENTIFIER = com.hardworkdiscipline.NoSnoozeTests;
				PRODUCT_NAME = "$(TARGET_NAME)";
				SWIFT_EMIT_LOC_STRINGS = NO;
				SWIFT_VERSION = 5.0;
				TARGETED_DEVICE_FAMILY = "1,2";
				TEST_HOST = "$(BUILT_PRODUCTS_DIR)/NoSnooze.app/$(BUNDLE_EXECUTABLE_FOLDER_PATH)/NoSnooze";
			};
			name = Release;
		};
		CF5F982D2A73C4DD006BAECA /* Debug */ = {
			isa = XCBuildConfiguration;
			buildSettings = {
				ALWAYS_EMBED_SWIFT_STANDARD_LIBRARIES = YES;
				CODE_SIGN_STYLE = Automatic;
				CURRENT_PROJECT_VERSION = 1;
				DEVELOPMENT_TEAM = 2BSD3K249X;
				GENERATE_INFOPLIST_FILE = YES;
				MARKETING_VERSION = 1.0;
				PRODUCT_BUNDLE_IDENTIFIER = com.hardworkdiscipline.NoSnoozeUITests;
				PRODUCT_NAME = "$(TARGET_NAME)";
				SWIFT_EMIT_LOC_STRINGS = NO;
				SWIFT_VERSION = 5.0;
				TARGETED_DEVICE_FAMILY = "1,2";
				TEST_TARGET_NAME = NoSnooze;
			};
			name = Debug;
		};
		CF5F982E2A73C4DD006BAECA /* Release */ = {
			isa = XCBuildConfiguration;
			buildSettings = {
				ALWAYS_EMBED_SWIFT_STANDARD_LIBRARIES = YES;
				CODE_SIGN_STYLE = Automatic;
				CURRENT_PROJECT_VERSION = 1;
				DEVELOPMENT_TEAM = 2BSD3K249X;
				GENERATE_INFOPLIST_FILE = YES;
				MARKETING_VERSION = 1.0;
				PRODUCT_BUNDLE_IDENTIFIER = com.hardworkdiscipline.NoSnoozeUITests;
				PRODUCT_NAME = "$(TARGET_NAME)";
				SWIFT_EMIT_LOC_STRINGS = NO;
				SWIFT_VERSION = 5.0;
				TARGETED_DEVICE_FAMILY = "1,2";
				TEST_TARGET_NAME = NoSnooze;
			};
			name = Release;
		};
/* End XCBuildConfiguration section */

/* Begin XCConfigurationList section */
		CF5F97FD2A73C4DC006BAECA /* Build configuration list for PBXProject "NoSnooze" */ = {
			isa = XCConfigurationList;
			buildConfigurations = (
				CF5F98242A73C4DD006BAECA /* Debug */,
				CF5F98252A73C4DD006BAECA /* Release */,
			);
			defaultConfigurationIsVisible = 0;
			defaultConfigurationName = Release;
		};
		CF5F98262A73C4DD006BAECA /* Build configuration list for PBXNativeTarget "NoSnooze" */ = {
			isa = XCConfigurationList;
			buildConfigurations = (
				CF5F98272A73C4DD006BAECA /* Debug */,
				CF5F98282A73C4DD006BAECA /* Release */,
			);
			defaultConfigurationIsVisible = 0;
			defaultConfigurationName = Release;
		};
		CF5F98292A73C4DD006BAECA /* Build configuration list for PBXNativeTarget "NoSnoozeTests" */ = {
			isa = XCConfigurationList;
			buildConfigurations = (
				CF5F982A2A73C4DD006BAECA /* Debug */,
				CF5F982B2A73C4DD006BAECA /* Release */,
			);
			defaultConfigurationIsVisible = 0;
			defaultConfigurationName = Release;
		};
		CF5F982C2A73C4DD006BAECA /* Build configuration list for PBXNativeTarget "NoSnoozeUITests" */ = {
			isa = XCConfigurationList;
			buildConfigurations = (
				CF5F982D2A73C4DD006BAECA /* Debug */,
				CF5F982E2A73C4DD006BAECA /* Release */,
			);
			defaultConfigurationIsVisible = 0;
			defaultConfigurationName = Release;
		};
/* End XCConfigurationList section */
	};
	rootObject = CF5F97FA2A73C4DC006BAECA /* Project object */;
}
